// !$*UTF8*$!
{
	archiveVersion = 1;
	classes = {
	};
	objectVersion = 56;
	objects = {

/* Begin PBXBuildFile section */
		89186A0F2988CAED00B49190 /* AppDelegate.swift in Sources */ = {isa = PBXBuildFile; fileRef = 89186A0E2988CAED00B49190 /* AppDelegate.swift */; };
		89186A112988CAED00B49190 /* SceneDelegate.swift in Sources */ = {isa = PBXBuildFile; fileRef = 89186A102988CAED00B49190 /* SceneDelegate.swift */; };
		89186A192988CAED00B49190 /* Instagram.xcdatamodeld in Sources */ = {isa = PBXBuildFile; fileRef = 89186A172988CAED00B49190 /* Instagram.xcdatamodeld */; };
		89186A1B2988CAEE00B49190 /* Assets.xcassets in Resources */ = {isa = PBXBuildFile; fileRef = 89186A1A2988CAEE00B49190 /* Assets.xcassets */; };
		89186A1E2988CAEE00B49190 /* LaunchScreen.storyboard in Resources */ = {isa = PBXBuildFile; fileRef = 89186A1C2988CAEE00B49190 /* LaunchScreen.storyboard */; };
		89186A292988CAEF00B49190 /* InstagramTests.swift in Sources */ = {isa = PBXBuildFile; fileRef = 89186A282988CAEF00B49190 /* InstagramTests.swift */; };
		89186A332988CAEF00B49190 /* InstagramUITests.swift in Sources */ = {isa = PBXBuildFile; fileRef = 89186A322988CAEF00B49190 /* InstagramUITests.swift */; };
		89186A352988CAEF00B49190 /* InstagramUITestsLaunchTests.swift in Sources */ = {isa = PBXBuildFile; fileRef = 89186A342988CAEF00B49190 /* InstagramUITestsLaunchTests.swift */; };
		89186A442988CB9800B49190 /* TabBarViewController.swift in Sources */ = {isa = PBXBuildFile; fileRef = 89186A422988CB9800B49190 /* TabBarViewController.swift */; };
		89186A4B2988CCBC00B49190 /* HomeViewController.swift in Sources */ = {isa = PBXBuildFile; fileRef = 89186A492988CCBC00B49190 /* HomeViewController.swift */; };
		89186A4C2988CCBC00B49190 /* HomeViewController.xib in Resources */ = {isa = PBXBuildFile; fileRef = 89186A4A2988CCBC00B49190 /* HomeViewController.xib */; };
		89186A512988CD3200B49190 /* NotificationsViewController.swift in Sources */ = {isa = PBXBuildFile; fileRef = 89186A4F2988CD3200B49190 /* NotificationsViewController.swift */; };
		89186A522988CD3200B49190 /* NotificationsViewController.xib in Resources */ = {isa = PBXBuildFile; fileRef = 89186A502988CD3200B49190 /* NotificationsViewController.xib */; };
		89186A562988CD5100B49190 /* MessagesViewController.swift in Sources */ = {isa = PBXBuildFile; fileRef = 89186A542988CD5100B49190 /* MessagesViewController.swift */; };
		89186A572988CD5100B49190 /* MessagesViewController.xib in Resources */ = {isa = PBXBuildFile; fileRef = 89186A552988CD5100B49190 /* MessagesViewController.xib */; };
		89186A5B2988CD6500B49190 /* ProfileViewController.swift in Sources */ = {isa = PBXBuildFile; fileRef = 89186A592988CD6500B49190 /* ProfileViewController.swift */; };
		89186A5C2988CD6500B49190 /* ProfileViewController.xib in Resources */ = {isa = PBXBuildFile; fileRef = 89186A5A2988CD6500B49190 /* ProfileViewController.xib */; };
		89186A602988EFF000B49190 /* SearchViewController.swift in Sources */ = {isa = PBXBuildFile; fileRef = 89186A5E2988EFF000B49190 /* SearchViewController.swift */; };
		89186A612988EFF000B49190 /* SearchViewController.xib in Resources */ = {isa = PBXBuildFile; fileRef = 89186A5F2988EFF000B49190 /* SearchViewController.xib */; };
		89186A662989051000B49190 /* HomeDetailViewController.swift in Sources */ = {isa = PBXBuildFile; fileRef = 89186A642989051000B49190 /* HomeDetailViewController.swift */; };
		89186A672989051000B49190 /* HomeDetailViewController.xib in Resources */ = {isa = PBXBuildFile; fileRef = 89186A652989051000B49190 /* HomeDetailViewController.xib */; };
		89186A692989055D00B49190 /* Constants.swift in Sources */ = {isa = PBXBuildFile; fileRef = 89186A682989055D00B49190 /* Constants.swift */; };
		89186A6E298A0E1800B49190 /* NotificationCell.swift in Sources */ = {isa = PBXBuildFile; fileRef = 89186A6C298A0E1800B49190 /* NotificationCell.swift */; };
		89186A6F298A0E1800B49190 /* NotificationCell.xib in Resources */ = {isa = PBXBuildFile; fileRef = 89186A6D298A0E1800B49190 /* NotificationCell.xib */; };
		89186A71298A1DA000B49190 /* Notification.swift in Sources */ = {isa = PBXBuildFile; fileRef = 89186A70298A1DA000B49190 /* Notification.swift */; };
		89186A76298A5B8D00B49190 /* LoginViewController.swift in Sources */ = {isa = PBXBuildFile; fileRef = 89186A74298A5B8D00B49190 /* LoginViewController.swift */; };
		89186A77298A5B8D00B49190 /* LoginViewController.xib in Resources */ = {isa = PBXBuildFile; fileRef = 89186A75298A5B8D00B49190 /* LoginViewController.xib */; };
		8918C9C82995F467009E6E82 /* TextView.swift in Sources */ = {isa = PBXBuildFile; fileRef = 8918C9C72995F467009E6E82 /* TextView.swift */; };
		8918C9CD29961BE9009E6E82 /* ForgotPasswordViewController.swift in Sources */ = {isa = PBXBuildFile; fileRef = 8918C9CB29961BE9009E6E82 /* ForgotPasswordViewController.swift */; };
		8918C9CE29961BE9009E6E82 /* ForgotPasswordViewController.xib in Resources */ = {isa = PBXBuildFile; fileRef = 8918C9CC29961BE9009E6E82 /* ForgotPasswordViewController.xib */; };
		8918C9D129961BF7009E6E82 /* RegisterViewController.swift in Sources */ = {isa = PBXBuildFile; fileRef = 8918C9CF29961BF7009E6E82 /* RegisterViewController.swift */; };
		8918C9D229961BF7009E6E82 /* RegisterViewController.xib in Resources */ = {isa = PBXBuildFile; fileRef = 8918C9D029961BF7009E6E82 /* RegisterViewController.xib */; };
		8924A42C299378420013AB27 /* Helpers.swift in Sources */ = {isa = PBXBuildFile; fileRef = 8924A42B299378420013AB27 /* Helpers.swift */; };
		8924A43729939A960013AB27 /* Image.swift in Sources */ = {isa = PBXBuildFile; fileRef = 8924A43629939A960013AB27 /* Image.swift */; };
		8946602E2992012000A97E8D /* NavigationController.swift in Sources */ = {isa = PBXBuildFile; fileRef = 8946602D2992012000A97E8D /* NavigationController.swift */; };
		895DF1FC299E0E79008F3544 /* TextField.swift in Sources */ = {isa = PBXBuildFile; fileRef = 895DF1FB299E0E79008F3544 /* TextField.swift */; };
		895DF1FF299E1B6C008F3544 /* SeparatorView.swift in Sources */ = {isa = PBXBuildFile; fileRef = 895DF1FE299E1B6C008F3544 /* SeparatorView.swift */; };
		898BFEE6298BCA3D00051FB3 /* AppTextField.swift in Sources */ = {isa = PBXBuildFile; fileRef = 898BFEE4298BCA3D00051FB3 /* AppTextField.swift */; };
		898BFEE7298BCA3D00051FB3 /* AppTextField.xib in Resources */ = {isa = PBXBuildFile; fileRef = 898BFEE5298BCA3D00051FB3 /* AppTextField.xib */; };
		899DF0F5299B6C6F0002AD94 /* CustomHeaderView.swift in Sources */ = {isa = PBXBuildFile; fileRef = 899DF0F4299B6C6F0002AD94 /* CustomHeaderView.swift */; };
		899DF0F7299B6C7A0002AD94 /* CustomHeaderView.xib in Resources */ = {isa = PBXBuildFile; fileRef = 899DF0F6299B6C7A0002AD94 /* CustomHeaderView.xib */; };
		89B48015299DCA9E0064EEB4 /* LoadingViewController.swift in Sources */ = {isa = PBXBuildFile; fileRef = 89B48014299DCA9E0064EEB4 /* LoadingViewController.swift */; };
		89CD669829924D6B00661A55 /* CustomButton.swift in Sources */ = {isa = PBXBuildFile; fileRef = 89CD669729924D6B00661A55 /* CustomButton.swift */; };
		89CD669C299256E900661A55 /* DetailViewController.swift in Sources */ = {isa = PBXBuildFile; fileRef = 89CD669A299256E900661A55 /* DetailViewController.swift */; };
		89CD669D299256E900661A55 /* DetailViewController.xib in Resources */ = {isa = PBXBuildFile; fileRef = 89CD669B299256E900661A55 /* DetailViewController.xib */; };
/* End PBXBuildFile section */

/* Begin PBXContainerItemProxy section */
		89186A252988CAEF00B49190 /* PBXContainerItemProxy */ = {
			isa = PBXContainerItemProxy;
			containerPortal = 89186A032988CAED00B49190 /* Project object */;
			proxyType = 1;
			remoteGlobalIDString = 89186A0A2988CAED00B49190;
			remoteInfo = Instagram;
		};
		89186A2F2988CAEF00B49190 /* PBXContainerItemProxy */ = {
			isa = PBXContainerItemProxy;
			containerPortal = 89186A032988CAED00B49190 /* Project object */;
			proxyType = 1;
			remoteGlobalIDString = 89186A0A2988CAED00B49190;
			remoteInfo = Instagram;
		};
/* End PBXContainerItemProxy section */

/* Begin PBXFileReference section */
		89186A0B2988CAED00B49190 /* Instagram.app */ = {isa = PBXFileReference; explicitFileType = wrapper.application; includeInIndex = 0; path = Instagram.app; sourceTree = BUILT_PRODUCTS_DIR; };
		89186A0E2988CAED00B49190 /* AppDelegate.swift */ = {isa = PBXFileReference; lastKnownFileType = sourcecode.swift; path = AppDelegate.swift; sourceTree = "<group>"; };
		89186A102988CAED00B49190 /* SceneDelegate.swift */ = {isa = PBXFileReference; lastKnownFileType = sourcecode.swift; path = SceneDelegate.swift; sourceTree = "<group>"; };
		89186A182988CAED00B49190 /* Instagram.xcdatamodel */ = {isa = PBXFileReference; lastKnownFileType = wrapper.xcdatamodel; path = Instagram.xcdatamodel; sourceTree = "<group>"; };
		89186A1A2988CAEE00B49190 /* Assets.xcassets */ = {isa = PBXFileReference; lastKnownFileType = folder.assetcatalog; path = Assets.xcassets; sourceTree = "<group>"; };
		89186A1D2988CAEE00B49190 /* Base */ = {isa = PBXFileReference; lastKnownFileType = file.storyboard; name = Base; path = Base.lproj/LaunchScreen.storyboard; sourceTree = "<group>"; };
		89186A1F2988CAEE00B49190 /* Info.plist */ = {isa = PBXFileReference; lastKnownFileType = text.plist.xml; path = Info.plist; sourceTree = "<group>"; };
		89186A242988CAEF00B49190 /* InstagramTests.xctest */ = {isa = PBXFileReference; explicitFileType = wrapper.cfbundle; includeInIndex = 0; path = InstagramTests.xctest; sourceTree = BUILT_PRODUCTS_DIR; };
		89186A282988CAEF00B49190 /* InstagramTests.swift */ = {isa = PBXFileReference; lastKnownFileType = sourcecode.swift; path = InstagramTests.swift; sourceTree = "<group>"; };
		89186A2E2988CAEF00B49190 /* InstagramUITests.xctest */ = {isa = PBXFileReference; explicitFileType = wrapper.cfbundle; includeInIndex = 0; path = InstagramUITests.xctest; sourceTree = BUILT_PRODUCTS_DIR; };
		89186A322988CAEF00B49190 /* InstagramUITests.swift */ = {isa = PBXFileReference; lastKnownFileType = sourcecode.swift; path = InstagramUITests.swift; sourceTree = "<group>"; };
		89186A342988CAEF00B49190 /* InstagramUITestsLaunchTests.swift */ = {isa = PBXFileReference; lastKnownFileType = sourcecode.swift; path = InstagramUITestsLaunchTests.swift; sourceTree = "<group>"; };
		89186A422988CB9800B49190 /* TabBarViewController.swift */ = {isa = PBXFileReference; lastKnownFileType = sourcecode.swift; path = TabBarViewController.swift; sourceTree = "<group>"; };
		89186A492988CCBC00B49190 /* HomeViewController.swift */ = {isa = PBXFileReference; lastKnownFileType = sourcecode.swift; path = HomeViewController.swift; sourceTree = "<group>"; };
		89186A4A2988CCBC00B49190 /* HomeViewController.xib */ = {isa = PBXFileReference; lastKnownFileType = file.xib; path = HomeViewController.xib; sourceTree = "<group>"; };
		89186A4F2988CD3200B49190 /* NotificationsViewController.swift */ = {isa = PBXFileReference; lastKnownFileType = sourcecode.swift; path = NotificationsViewController.swift; sourceTree = "<group>"; };
		89186A502988CD3200B49190 /* NotificationsViewController.xib */ = {isa = PBXFileReference; lastKnownFileType = file.xib; path = NotificationsViewController.xib; sourceTree = "<group>"; };
		89186A542988CD5100B49190 /* MessagesViewController.swift */ = {isa = PBXFileReference; lastKnownFileType = sourcecode.swift; path = MessagesViewController.swift; sourceTree = "<group>"; };
		89186A552988CD5100B49190 /* MessagesViewController.xib */ = {isa = PBXFileReference; lastKnownFileType = file.xib; path = MessagesViewController.xib; sourceTree = "<group>"; };
		89186A592988CD6500B49190 /* ProfileViewController.swift */ = {isa = PBXFileReference; lastKnownFileType = sourcecode.swift; path = ProfileViewController.swift; sourceTree = "<group>"; };
		89186A5A2988CD6500B49190 /* ProfileViewController.xib */ = {isa = PBXFileReference; lastKnownFileType = file.xib; path = ProfileViewController.xib; sourceTree = "<group>"; };
		89186A5E2988EFF000B49190 /* SearchViewController.swift */ = {isa = PBXFileReference; lastKnownFileType = sourcecode.swift; path = SearchViewController.swift; sourceTree = "<group>"; };
		89186A5F2988EFF000B49190 /* SearchViewController.xib */ = {isa = PBXFileReference; lastKnownFileType = file.xib; path = SearchViewController.xib; sourceTree = "<group>"; };
		89186A642989051000B49190 /* HomeDetailViewController.swift */ = {isa = PBXFileReference; lastKnownFileType = sourcecode.swift; path = HomeDetailViewController.swift; sourceTree = "<group>"; };
		89186A652989051000B49190 /* HomeDetailViewController.xib */ = {isa = PBXFileReference; lastKnownFileType = file.xib; path = HomeDetailViewController.xib; sourceTree = "<group>"; };
		89186A682989055D00B49190 /* Constants.swift */ = {isa = PBXFileReference; lastKnownFileType = sourcecode.swift; path = Constants.swift; sourceTree = "<group>"; };
		89186A6C298A0E1800B49190 /* NotificationCell.swift */ = {isa = PBXFileReference; lastKnownFileType = sourcecode.swift; path = NotificationCell.swift; sourceTree = "<group>"; };
		89186A6D298A0E1800B49190 /* NotificationCell.xib */ = {isa = PBXFileReference; lastKnownFileType = file.xib; path = NotificationCell.xib; sourceTree = "<group>"; };
		89186A70298A1DA000B49190 /* Notification.swift */ = {isa = PBXFileReference; lastKnownFileType = sourcecode.swift; path = Notification.swift; sourceTree = "<group>"; };
		89186A74298A5B8D00B49190 /* LoginViewController.swift */ = {isa = PBXFileReference; lastKnownFileType = sourcecode.swift; path = LoginViewController.swift; sourceTree = "<group>"; };
		89186A75298A5B8D00B49190 /* LoginViewController.xib */ = {isa = PBXFileReference; lastKnownFileType = file.xib; path = LoginViewController.xib; sourceTree = "<group>"; };
		8918C9C72995F467009E6E82 /* TextView.swift */ = {isa = PBXFileReference; lastKnownFileType = sourcecode.swift; path = TextView.swift; sourceTree = "<group>"; };
		8918C9CB29961BE9009E6E82 /* ForgotPasswordViewController.swift */ = {isa = PBXFileReference; lastKnownFileType = sourcecode.swift; path = ForgotPasswordViewController.swift; sourceTree = "<group>"; };
		8918C9CC29961BE9009E6E82 /* ForgotPasswordViewController.xib */ = {isa = PBXFileReference; lastKnownFileType = file.xib; path = ForgotPasswordViewController.xib; sourceTree = "<group>"; };
		8918C9CF29961BF7009E6E82 /* RegisterViewController.swift */ = {isa = PBXFileReference; lastKnownFileType = sourcecode.swift; path = RegisterViewController.swift; sourceTree = "<group>"; };
		8918C9D029961BF7009E6E82 /* RegisterViewController.xib */ = {isa = PBXFileReference; lastKnownFileType = file.xib; path = RegisterViewController.xib; sourceTree = "<group>"; };
		8924A42B299378420013AB27 /* Helpers.swift */ = {isa = PBXFileReference; lastKnownFileType = sourcecode.swift; path = Helpers.swift; sourceTree = "<group>"; };
		8924A43629939A960013AB27 /* Image.swift */ = {isa = PBXFileReference; lastKnownFileType = sourcecode.swift; path = Image.swift; sourceTree = "<group>"; };
		8946602D2992012000A97E8D /* NavigationController.swift */ = {isa = PBXFileReference; lastKnownFileType = sourcecode.swift; path = NavigationController.swift; sourceTree = "<group>"; };
		895DF1FB299E0E79008F3544 /* TextField.swift */ = {isa = PBXFileReference; lastKnownFileType = sourcecode.swift; path = TextField.swift; sourceTree = "<group>"; };
		895DF1FE299E1B6C008F3544 /* SeparatorView.swift */ = {isa = PBXFileReference; lastKnownFileType = sourcecode.swift; path = SeparatorView.swift; sourceTree = "<group>"; };
		898BFEE4298BCA3D00051FB3 /* AppTextField.swift */ = {isa = PBXFileReference; lastKnownFileType = sourcecode.swift; path = AppTextField.swift; sourceTree = "<group>"; };
		898BFEE5298BCA3D00051FB3 /* AppTextField.xib */ = {isa = PBXFileReference; lastKnownFileType = file.xib; path = AppTextField.xib; sourceTree = "<group>"; };
		899DF0F4299B6C6F0002AD94 /* CustomHeaderView.swift */ = {isa = PBXFileReference; lastKnownFileType = sourcecode.swift; path = CustomHeaderView.swift; sourceTree = "<group>"; };
		899DF0F6299B6C7A0002AD94 /* CustomHeaderView.xib */ = {isa = PBXFileReference; lastKnownFileType = file.xib; path = CustomHeaderView.xib; sourceTree = "<group>"; };
		89B48014299DCA9E0064EEB4 /* LoadingViewController.swift */ = {isa = PBXFileReference; lastKnownFileType = sourcecode.swift; path = LoadingViewController.swift; sourceTree = "<group>"; };
		89CD669729924D6B00661A55 /* CustomButton.swift */ = {isa = PBXFileReference; lastKnownFileType = sourcecode.swift; path = CustomButton.swift; sourceTree = "<group>"; };
		89CD669A299256E900661A55 /* DetailViewController.swift */ = {isa = PBXFileReference; lastKnownFileType = sourcecode.swift; path = DetailViewController.swift; sourceTree = "<group>"; };
		89CD669B299256E900661A55 /* DetailViewController.xib */ = {isa = PBXFileReference; lastKnownFileType = file.xib; path = DetailViewController.xib; sourceTree = "<group>"; };
/* End PBXFileReference section */

/* Begin PBXFrameworksBuildPhase section */
		89186A082988CAED00B49190 /* Frameworks */ = {
			isa = PBXFrameworksBuildPhase;
			buildActionMask = 2147483647;
			files = (
			);
			runOnlyForDeploymentPostprocessing = 0;
		};
		89186A212988CAEF00B49190 /* Frameworks */ = {
			isa = PBXFrameworksBuildPhase;
			buildActionMask = 2147483647;
			files = (
			);
			runOnlyForDeploymentPostprocessing = 0;
		};
		89186A2B2988CAEF00B49190 /* Frameworks */ = {
			isa = PBXFrameworksBuildPhase;
			buildActionMask = 2147483647;
			files = (
			);
			runOnlyForDeploymentPostprocessing = 0;
		};
/* End PBXFrameworksBuildPhase section */

/* Begin PBXGroup section */
		89186A022988CAED00B49190 = {
			isa = PBXGroup;
			children = (
				89186A0D2988CAED00B49190 /* Instagram */,
				89186A272988CAEF00B49190 /* InstagramTests */,
				89186A312988CAEF00B49190 /* InstagramUITests */,
				89186A0C2988CAED00B49190 /* Products */,
			);
			sourceTree = "<group>";
		};
		89186A0C2988CAED00B49190 /* Products */ = {
			isa = PBXGroup;
			children = (
				89186A0B2988CAED00B49190 /* Instagram.app */,
				89186A242988CAEF00B49190 /* InstagramTests.xctest */,
				89186A2E2988CAEF00B49190 /* InstagramUITests.xctest */,
			);
			name = Products;
			sourceTree = "<group>";
		};
		89186A0D2988CAED00B49190 /* Instagram */ = {
			isa = PBXGroup;
			children = (
				89E140BB299CE7600035013E /* Extensions */,
				8946602C299200FF00A97E8D /* Utils */,
				89186A682989055D00B49190 /* Constants.swift */,
				89186A72298A1DA600B49190 /* Models */,
				89186A6A298A0DD500B49190 /* Views */,
				89186A462988CC8300B49190 /* Controllers */,
				89186A0E2988CAED00B49190 /* AppDelegate.swift */,
				89186A102988CAED00B49190 /* SceneDelegate.swift */,
				89186A1A2988CAEE00B49190 /* Assets.xcassets */,
				89186A1C2988CAEE00B49190 /* LaunchScreen.storyboard */,
				89186A1F2988CAEE00B49190 /* Info.plist */,
				89186A172988CAED00B49190 /* Instagram.xcdatamodeld */,
			);
			path = Instagram;
			sourceTree = "<group>";
		};
		89186A272988CAEF00B49190 /* InstagramTests */ = {
			isa = PBXGroup;
			children = (
				89186A282988CAEF00B49190 /* InstagramTests.swift */,
			);
			path = InstagramTests;
			sourceTree = "<group>";
		};
		89186A312988CAEF00B49190 /* InstagramUITests */ = {
			isa = PBXGroup;
			children = (
				89186A322988CAEF00B49190 /* InstagramUITests.swift */,
				89186A342988CAEF00B49190 /* InstagramUITestsLaunchTests.swift */,
			);
			path = InstagramUITests;
			sourceTree = "<group>";
		};
		89186A412988CB5E00B49190 /* TabBarVC */ = {
			isa = PBXGroup;
			children = (
				89186A422988CB9800B49190 /* TabBarViewController.swift */,
			);
			path = TabBarVC;
			sourceTree = "<group>";
		};
		89186A462988CC8300B49190 /* Controllers */ = {
			isa = PBXGroup;
			children = (
				89B48013299DCA7A0064EEB4 /* LoadingVC */,
				8918C9CA29961BCC009E6E82 /* ForgotVC */,
				8918C9C929961BC3009E6E82 /* RegisterVC */,
				89CD6699299256D100661A55 /* DetailVC */,
				89186A412988CB5E00B49190 /* TabBarVC */,
				89186A73298A5B7300B49190 /* LoginVC */,
				89186A63298904F600B49190 /* HomeDetailViewController */,
				89186A5D2988EFE100B49190 /* SearchVC */,
				89186A582988CD5300B49190 /* ProfileVC */,
				89186A532988CD3D00B49190 /* MessageVC */,
				89186A482988CC9500B49190 /* NotificationVC */,
				89186A472988CC8E00B49190 /* HomeVC */,
			);
			path = Controllers;
			sourceTree = "<group>";
		};
		89186A472988CC8E00B49190 /* HomeVC */ = {
			isa = PBXGroup;
			children = (
				89186A492988CCBC00B49190 /* HomeViewController.swift */,
				89186A4A2988CCBC00B49190 /* HomeViewController.xib */,
			);
			path = HomeVC;
			sourceTree = "<group>";
		};
		89186A482988CC9500B49190 /* NotificationVC */ = {
			isa = PBXGroup;
			children = (
				89186A4F2988CD3200B49190 /* NotificationsViewController.swift */,
				89186A502988CD3200B49190 /* NotificationsViewController.xib */,
			);
			path = NotificationVC;
			sourceTree = "<group>";
		};
		89186A532988CD3D00B49190 /* MessageVC */ = {
			isa = PBXGroup;
			children = (
				89186A542988CD5100B49190 /* MessagesViewController.swift */,
				89186A552988CD5100B49190 /* MessagesViewController.xib */,
			);
			path = MessageVC;
			sourceTree = "<group>";
		};
		89186A582988CD5300B49190 /* ProfileVC */ = {
			isa = PBXGroup;
			children = (
				89186A592988CD6500B49190 /* ProfileViewController.swift */,
				89186A5A2988CD6500B49190 /* ProfileViewController.xib */,
			);
			path = ProfileVC;
			sourceTree = "<group>";
		};
		89186A5D2988EFE100B49190 /* SearchVC */ = {
			isa = PBXGroup;
			children = (
				89186A5E2988EFF000B49190 /* SearchViewController.swift */,
				89186A5F2988EFF000B49190 /* SearchViewController.xib */,
			);
			path = SearchVC;
			sourceTree = "<group>";
		};
		89186A63298904F600B49190 /* HomeDetailViewController */ = {
			isa = PBXGroup;
			children = (
				89186A642989051000B49190 /* HomeDetailViewController.swift */,
				89186A652989051000B49190 /* HomeDetailViewController.xib */,
			);
			path = HomeDetailViewController;
			sourceTree = "<group>";
		};
		89186A6A298A0DD500B49190 /* Views */ = {
			isa = PBXGroup;
			children = (
				895DF1FD299E1B4B008F3544 /* Separator */,
				899DF0F3299B6C560002AD94 /* CustomHeaderView */,
				8918C9C62995F452009E6E82 /* TextView */,
				89CD669629924D5200661A55 /* CustomButton */,
				898BFEE3298BC9D000051FB3 /* AppTextField */,
				89186A6B298A0DDD00B49190 /* NotificationCell */,
			);
			path = Views;
			sourceTree = "<group>";
		};
		89186A6B298A0DDD00B49190 /* NotificationCell */ = {
			isa = PBXGroup;
			children = (
				89186A6C298A0E1800B49190 /* NotificationCell.swift */,
				89186A6D298A0E1800B49190 /* NotificationCell.xib */,
			);
			path = NotificationCell;
			sourceTree = "<group>";
		};
		89186A72298A1DA600B49190 /* Models */ = {
			isa = PBXGroup;
			children = (
				89186A70298A1DA000B49190 /* Notification.swift */,
			);
			path = Models;
			sourceTree = "<group>";
		};
		89186A73298A5B7300B49190 /* LoginVC */ = {
			isa = PBXGroup;
			children = (
				89186A74298A5B8D00B49190 /* LoginViewController.swift */,
				89186A75298A5B8D00B49190 /* LoginViewController.xib */,
			);
			path = LoginVC;
			sourceTree = "<group>";
		};
		8918C9C62995F452009E6E82 /* TextView */ = {
			isa = PBXGroup;
			children = (
				8918C9C72995F467009E6E82 /* TextView.swift */,
			);
			path = TextView;
			sourceTree = "<group>";
		};
		8918C9C929961BC3009E6E82 /* RegisterVC */ = {
			isa = PBXGroup;
			children = (
				8918C9CF29961BF7009E6E82 /* RegisterViewController.swift */,
				8918C9D029961BF7009E6E82 /* RegisterViewController.xib */,
			);
			path = RegisterVC;
			sourceTree = "<group>";
		};
		8918C9CA29961BCC009E6E82 /* ForgotVC */ = {
			isa = PBXGroup;
			children = (
				8918C9CB29961BE9009E6E82 /* ForgotPasswordViewController.swift */,
				8918C9CC29961BE9009E6E82 /* ForgotPasswordViewController.xib */,
			);
			path = ForgotVC;
			sourceTree = "<group>";
		};
		8946602C299200FF00A97E8D /* Utils */ = {
			isa = PBXGroup;
			children = (
				8946602D2992012000A97E8D /* NavigationController.swift */,
				8924A42B299378420013AB27 /* Helpers.swift */,
				8924A43629939A960013AB27 /* Image.swift */,
			);
			path = Utils;
			sourceTree = "<group>";
		};
		895DF1FD299E1B4B008F3544 /* Separator */ = {
			isa = PBXGroup;
			children = (
				895DF1FE299E1B6C008F3544 /* SeparatorView.swift */,
			);
			path = Separator;
			sourceTree = "<group>";
		};
		898BFEE3298BC9D000051FB3 /* AppTextField */ = {
			isa = PBXGroup;
			children = (
				898BFEE4298BCA3D00051FB3 /* AppTextField.swift */,
				898BFEE5298BCA3D00051FB3 /* AppTextField.xib */,
			);
			path = AppTextField;
			sourceTree = "<group>";
		};
		899DF0F3299B6C560002AD94 /* CustomHeaderView */ = {
			isa = PBXGroup;
			children = (
				899DF0F4299B6C6F0002AD94 /* CustomHeaderView.swift */,
				899DF0F6299B6C7A0002AD94 /* CustomHeaderView.xib */,
			);
			path = CustomHeaderView;
			sourceTree = "<group>";
		};
		89B48013299DCA7A0064EEB4 /* LoadingVC */ = {
			isa = PBXGroup;
			children = (
				89B48014299DCA9E0064EEB4 /* LoadingViewController.swift */,
			);
			path = LoadingVC;
			sourceTree = "<group>";
		};
		89CD669629924D5200661A55 /* CustomButton */ = {
			isa = PBXGroup;
			children = (
				89CD669729924D6B00661A55 /* CustomButton.swift */,
			);
			path = CustomButton;
			sourceTree = "<group>";
		};
		89CD6699299256D100661A55 /* DetailVC */ = {
			isa = PBXGroup;
			children = (
				89CD669A299256E900661A55 /* DetailViewController.swift */,
				89CD669B299256E900661A55 /* DetailViewController.xib */,
			);
			path = DetailVC;
			sourceTree = "<group>";
		};
		89E140BB299CE7600035013E /* Extensions */ = {
			isa = PBXGroup;
			children = (
				895DF1FB299E0E79008F3544 /* TextField.swift */,
			);
			path = Extensions;
			sourceTree = "<group>";
		};
/* End PBXGroup section */

/* Begin PBXNativeTarget section */
		89186A0A2988CAED00B49190 /* Instagram */ = {
			isa = PBXNativeTarget;
			buildConfigurationList = 89186A382988CAEF00B49190 /* Build configuration list for PBXNativeTarget "Instagram" */;
			buildPhases = (
				89186A072988CAED00B49190 /* Sources */,
				89186A082988CAED00B49190 /* Frameworks */,
				89186A092988CAED00B49190 /* Resources */,
			);
			buildRules = (
			);
			dependencies = (
			);
			name = Instagram;
			productName = Instagram;
			productReference = 89186A0B2988CAED00B49190 /* Instagram.app */;
			productType = "com.apple.product-type.application";
		};
		89186A232988CAEF00B49190 /* InstagramTests */ = {
			isa = PBXNativeTarget;
			buildConfigurationList = 89186A3B2988CAEF00B49190 /* Build configuration list for PBXNativeTarget "InstagramTests" */;
			buildPhases = (
				BD707888C6850B74DC5FB2D5 /* [CP] Check Pods Manifest.lock */,
				89186A202988CAEF00B49190 /* Sources */,
				89186A212988CAEF00B49190 /* Frameworks */,
				89186A222988CAEF00B49190 /* Resources */,
			);
			buildRules = (
			);
			dependencies = (
				89186A262988CAEF00B49190 /* PBXTargetDependency */,
			);
			name = InstagramTests;
			productName = InstagramTests;
			productReference = 89186A242988CAEF00B49190 /* InstagramTests.xctest */;
			productType = "com.apple.product-type.bundle.unit-test";
		};
		89186A2D2988CAEF00B49190 /* InstagramUITests */ = {
			isa = PBXNativeTarget;
			buildConfigurationList = 89186A3E2988CAEF00B49190 /* Build configuration list for PBXNativeTarget "InstagramUITests" */;
			buildPhases = (
				DE0BEFD533C516DBEFFCA1CE /* [CP] Check Pods Manifest.lock */,
				89186A2A2988CAEF00B49190 /* Sources */,
				89186A2B2988CAEF00B49190 /* Frameworks */,
				89186A2C2988CAEF00B49190 /* Resources */,
			);
			buildRules = (
			);
			dependencies = (
				89186A302988CAEF00B49190 /* PBXTargetDependency */,
			);
			name = InstagramUITests;
			productName = InstagramUITests;
			productReference = 89186A2E2988CAEF00B49190 /* InstagramUITests.xctest */;
			productType = "com.apple.product-type.bundle.ui-testing";
		};
/* End PBXNativeTarget section */

/* Begin PBXProject section */
		89186A032988CAED00B49190 /* Project object */ = {
			isa = PBXProject;
			attributes = {
				BuildIndependentTargetsInParallel = 1;
				LastSwiftUpdateCheck = 1420;
				LastUpgradeCheck = 1420;
				TargetAttributes = {
					89186A0A2988CAED00B49190 = {
						CreatedOnToolsVersion = 14.2;
					};
					89186A232988CAEF00B49190 = {
						CreatedOnToolsVersion = 14.2;
						TestTargetID = 89186A0A2988CAED00B49190;
					};
					89186A2D2988CAEF00B49190 = {
						CreatedOnToolsVersion = 14.2;
						TestTargetID = 89186A0A2988CAED00B49190;
					};
				};
			};
			buildConfigurationList = 89186A062988CAED00B49190 /* Build configuration list for PBXProject "Instagram" */;
			compatibilityVersion = "Xcode 14.0";
			developmentRegion = en;
			hasScannedForEncodings = 0;
			knownRegions = (
				en,
				Base,
			);
			mainGroup = 89186A022988CAED00B49190;
			productRefGroup = 89186A0C2988CAED00B49190 /* Products */;
			projectDirPath = "";
			projectRoot = "";
			targets = (
				89186A0A2988CAED00B49190 /* Instagram */,
				89186A232988CAEF00B49190 /* InstagramTests */,
				89186A2D2988CAEF00B49190 /* InstagramUITests */,
			);
		};
/* End PBXProject section */

/* Begin PBXResourcesBuildPhase section */
		89186A092988CAED00B49190 /* Resources */ = {
			isa = PBXResourcesBuildPhase;
			buildActionMask = 2147483647;
			files = (
				8918C9CE29961BE9009E6E82 /* ForgotPasswordViewController.xib in Resources */,
				89186A6F298A0E1800B49190 /* NotificationCell.xib in Resources */,
				89186A1E2988CAEE00B49190 /* LaunchScreen.storyboard in Resources */,
				89186A1B2988CAEE00B49190 /* Assets.xcassets in Resources */,
				898BFEE7298BCA3D00051FB3 /* AppTextField.xib in Resources */,
				89186A672989051000B49190 /* HomeDetailViewController.xib in Resources */,
				89186A5C2988CD6500B49190 /* ProfileViewController.xib in Resources */,
				89186A4C2988CCBC00B49190 /* HomeViewController.xib in Resources */,
				89CD669D299256E900661A55 /* DetailViewController.xib in Resources */,
				8918C9D229961BF7009E6E82 /* RegisterViewController.xib in Resources */,
				899DF0F7299B6C7A0002AD94 /* CustomHeaderView.xib in Resources */,
				89186A572988CD5100B49190 /* MessagesViewController.xib in Resources */,
				89186A612988EFF000B49190 /* SearchViewController.xib in Resources */,
				89186A77298A5B8D00B49190 /* LoginViewController.xib in Resources */,
				89186A522988CD3200B49190 /* NotificationsViewController.xib in Resources */,
			);
			runOnlyForDeploymentPostprocessing = 0;
		};
		89186A222988CAEF00B49190 /* Resources */ = {
			isa = PBXResourcesBuildPhase;
			buildActionMask = 2147483647;
			files = (
			);
			runOnlyForDeploymentPostprocessing = 0;
		};
		89186A2C2988CAEF00B49190 /* Resources */ = {
			isa = PBXResourcesBuildPhase;
			buildActionMask = 2147483647;
			files = (
			);
			runOnlyForDeploymentPostprocessing = 0;
		};
/* End PBXResourcesBuildPhase section */

/* Begin PBXShellScriptBuildPhase section */
		BD707888C6850B74DC5FB2D5 /* [CP] Check Pods Manifest.lock */ = {
			isa = PBXShellScriptBuildPhase;
			buildActionMask = 2147483647;
			files = (
			);
			inputFileListPaths = (
			);
			inputPaths = (
				"${PODS_PODFILE_DIR_PATH}/Podfile.lock",
				"${PODS_ROOT}/Manifest.lock",
			);
			name = "[CP] Check Pods Manifest.lock";
			outputFileListPaths = (
			);
			outputPaths = (
				"$(DERIVED_FILE_DIR)/Pods-InstagramTests-checkManifestLockResult.txt",
			);
			runOnlyForDeploymentPostprocessing = 0;
			shellPath = /bin/sh;
			shellScript = "diff \"${PODS_PODFILE_DIR_PATH}/Podfile.lock\" \"${PODS_ROOT}/Manifest.lock\" > /dev/null\nif [ $? != 0 ] ; then\n    # print error to STDERR\n    echo \"error: The sandbox is not in sync with the Podfile.lock. Run 'pod install' or update your CocoaPods installation.\" >&2\n    exit 1\nfi\n# This output is used by Xcode 'outputs' to avoid re-running this script phase.\necho \"SUCCESS\" > \"${SCRIPT_OUTPUT_FILE_0}\"\n";
			showEnvVarsInLog = 0;
		};
		DE0BEFD533C516DBEFFCA1CE /* [CP] Check Pods Manifest.lock */ = {
			isa = PBXShellScriptBuildPhase;
			buildActionMask = 2147483647;
			files = (
			);
			inputFileListPaths = (
			);
			inputPaths = (
				"${PODS_PODFILE_DIR_PATH}/Podfile.lock",
				"${PODS_ROOT}/Manifest.lock",
			);
			name = "[CP] Check Pods Manifest.lock";
			outputFileListPaths = (
			);
			outputPaths = (
				"$(DERIVED_FILE_DIR)/Pods-Instagram-InstagramUITests-checkManifestLockResult.txt",
			);
			runOnlyForDeploymentPostprocessing = 0;
			shellPath = /bin/sh;
			shellScript = "diff \"${PODS_PODFILE_DIR_PATH}/Podfile.lock\" \"${PODS_ROOT}/Manifest.lock\" > /dev/null\nif [ $? != 0 ] ; then\n    # print error to STDERR\n    echo \"error: The sandbox is not in sync with the Podfile.lock. Run 'pod install' or update your CocoaPods installation.\" >&2\n    exit 1\nfi\n# This output is used by Xcode 'outputs' to avoid re-running this script phase.\necho \"SUCCESS\" > \"${SCRIPT_OUTPUT_FILE_0}\"\n";
			showEnvVarsInLog = 0;
		};
/* End PBXShellScriptBuildPhase section */

/* Begin PBXSourcesBuildPhase section */
		89186A072988CAED00B49190 /* Sources */ = {
			isa = PBXSourcesBuildPhase;
			buildActionMask = 2147483647;
			files = (
				89186A76298A5B8D00B49190 /* LoginViewController.swift in Sources */,
				8924A42C299378420013AB27 /* Helpers.swift in Sources */,
				8918C9CD29961BE9009E6E82 /* ForgotPasswordViewController.swift in Sources */,
				89186A602988EFF000B49190 /* SearchViewController.swift in Sources */,
				89B48015299DCA9E0064EEB4 /* LoadingViewController.swift in Sources */,
				895DF1FC299E0E79008F3544 /* TextField.swift in Sources */,
				8918C9C82995F467009E6E82 /* TextView.swift in Sources */,
				89186A192988CAED00B49190 /* Instagram.xcdatamodeld in Sources */,
				89186A662989051000B49190 /* HomeDetailViewController.swift in Sources */,
				8946602E2992012000A97E8D /* NavigationController.swift in Sources */,
				89186A442988CB9800B49190 /* TabBarViewController.swift in Sources */,
				8924A43729939A960013AB27 /* Image.swift in Sources */,
				89CD669829924D6B00661A55 /* CustomButton.swift in Sources */,
				89186A6E298A0E1800B49190 /* NotificationCell.swift in Sources */,
				89186A0F2988CAED00B49190 /* AppDelegate.swift in Sources */,
				89CD669C299256E900661A55 /* DetailViewController.swift in Sources */,
				8918C9D129961BF7009E6E82 /* RegisterViewController.swift in Sources */,
				89186A112988CAED00B49190 /* SceneDelegate.swift in Sources */,
				895DF1FF299E1B6C008F3544 /* SeparatorView.swift in Sources */,
				899DF0F5299B6C6F0002AD94 /* CustomHeaderView.swift in Sources */,
				89186A71298A1DA000B49190 /* Notification.swift in Sources */,
				89186A512988CD3200B49190 /* NotificationsViewController.swift in Sources */,
				89186A5B2988CD6500B49190 /* ProfileViewController.swift in Sources */,
				89186A562988CD5100B49190 /* MessagesViewController.swift in Sources */,
				89186A4B2988CCBC00B49190 /* HomeViewController.swift in Sources */,
				89186A692989055D00B49190 /* Constants.swift in Sources */,
				898BFEE6298BCA3D00051FB3 /* AppTextField.swift in Sources */,
			);
			runOnlyForDeploymentPostprocessing = 0;
		};
		89186A202988CAEF00B49190 /* Sources */ = {
			isa = PBXSourcesBuildPhase;
			buildActionMask = 2147483647;
			files = (
				89186A292988CAEF00B49190 /* InstagramTests.swift in Sources */,
			);
			runOnlyForDeploymentPostprocessing = 0;
		};
		89186A2A2988CAEF00B49190 /* Sources */ = {
			isa = PBXSourcesBuildPhase;
			buildActionMask = 2147483647;
			files = (
				89186A332988CAEF00B49190 /* InstagramUITests.swift in Sources */,
				89186A352988CAEF00B49190 /* InstagramUITestsLaunchTests.swift in Sources */,
			);
			runOnlyForDeploymentPostprocessing = 0;
		};
/* End PBXSourcesBuildPhase section */

/* Begin PBXTargetDependency section */
		89186A262988CAEF00B49190 /* PBXTargetDependency */ = {
			isa = PBXTargetDependency;
			target = 89186A0A2988CAED00B49190 /* Instagram */;
			targetProxy = 89186A252988CAEF00B49190 /* PBXContainerItemProxy */;
		};
		89186A302988CAEF00B49190 /* PBXTargetDependency */ = {
			isa = PBXTargetDependency;
			target = 89186A0A2988CAED00B49190 /* Instagram */;
			targetProxy = 89186A2F2988CAEF00B49190 /* PBXContainerItemProxy */;
		};
/* End PBXTargetDependency section */

/* Begin PBXVariantGroup section */
		89186A1C2988CAEE00B49190 /* LaunchScreen.storyboard */ = {
			isa = PBXVariantGroup;
			children = (
				89186A1D2988CAEE00B49190 /* Base */,
			);
			name = LaunchScreen.storyboard;
			sourceTree = "<group>";
		};
/* End PBXVariantGroup section */

/* Begin XCBuildConfiguration section */
		89186A362988CAEF00B49190 /* Debug */ = {
			isa = XCBuildConfiguration;
			buildSettings = {
				ALWAYS_SEARCH_USER_PATHS = NO;
				CLANG_ANALYZER_NONNULL = YES;
				CLANG_ANALYZER_NUMBER_OBJECT_CONVERSION = YES_AGGRESSIVE;
				CLANG_CXX_LANGUAGE_STANDARD = "gnu++20";
				CLANG_ENABLE_MODULES = YES;
				CLANG_ENABLE_OBJC_ARC = YES;
				CLANG_ENABLE_OBJC_WEAK = YES;
				CLANG_WARN_BLOCK_CAPTURE_AUTORELEASING = YES;
				CLANG_WARN_BOOL_CONVERSION = YES;
				CLANG_WARN_COMMA = YES;
				CLANG_WARN_CONSTANT_CONVERSION = YES;
				CLANG_WARN_DEPRECATED_OBJC_IMPLEMENTATIONS = YES;
				CLANG_WARN_DIRECT_OBJC_ISA_USAGE = YES_ERROR;
				CLANG_WARN_DOCUMENTATION_COMMENTS = YES;
				CLANG_WARN_EMPTY_BODY = YES;
				CLANG_WARN_ENUM_CONVERSION = YES;
				CLANG_WARN_INFINITE_RECURSION = YES;
				CLANG_WARN_INT_CONVERSION = YES;
				CLANG_WARN_NON_LITERAL_NULL_CONVERSION = YES;
				CLANG_WARN_OBJC_IMPLICIT_RETAIN_SELF = YES;
				CLANG_WARN_OBJC_LITERAL_CONVERSION = YES;
				CLANG_WARN_OBJC_ROOT_CLASS = YES_ERROR;
				CLANG_WARN_QUOTED_INCLUDE_IN_FRAMEWORK_HEADER = YES;
				CLANG_WARN_RANGE_LOOP_ANALYSIS = YES;
				CLANG_WARN_STRICT_PROTOTYPES = YES;
				CLANG_WARN_SUSPICIOUS_MOVE = YES;
				CLANG_WARN_UNGUARDED_AVAILABILITY = YES_AGGRESSIVE;
				CLANG_WARN_UNREACHABLE_CODE = YES;
				CLANG_WARN__DUPLICATE_METHOD_MATCH = YES;
				COPY_PHASE_STRIP = NO;
				DEBUG_INFORMATION_FORMAT = dwarf;
				ENABLE_STRICT_OBJC_MSGSEND = YES;
				ENABLE_TESTABILITY = YES;
				GCC_C_LANGUAGE_STANDARD = gnu11;
				GCC_DYNAMIC_NO_PIC = NO;
				GCC_NO_COMMON_BLOCKS = YES;
				GCC_OPTIMIZATION_LEVEL = 0;
				GCC_PREPROCESSOR_DEFINITIONS = (
					"DEBUG=1",
					"$(inherited)",
				);
				GCC_WARN_64_TO_32_BIT_CONVERSION = YES;
				GCC_WARN_ABOUT_RETURN_TYPE = YES_ERROR;
				GCC_WARN_UNDECLARED_SELECTOR = YES;
				GCC_WARN_UNINITIALIZED_AUTOS = YES_AGGRESSIVE;
				GCC_WARN_UNUSED_FUNCTION = YES;
				GCC_WARN_UNUSED_VARIABLE = YES;
				IPHONEOS_DEPLOYMENT_TARGET = 16.2;
				MTL_ENABLE_DEBUG_INFO = INCLUDE_SOURCE;
				MTL_FAST_MATH = YES;
				ONLY_ACTIVE_ARCH = YES;
				SDKROOT = iphoneos;
				SWIFT_ACTIVE_COMPILATION_CONDITIONS = DEBUG;
				SWIFT_OPTIMIZATION_LEVEL = "-Onone";
			};
			name = Debug;
		};
		89186A372988CAEF00B49190 /* Release */ = {
			isa = XCBuildConfiguration;
			buildSettings = {
				ALWAYS_SEARCH_USER_PATHS = NO;
				CLANG_ANALYZER_NONNULL = YES;
				CLANG_ANALYZER_NUMBER_OBJECT_CONVERSION = YES_AGGRESSIVE;
				CLANG_CXX_LANGUAGE_STANDARD = "gnu++20";
				CLANG_ENABLE_MODULES = YES;
				CLANG_ENABLE_OBJC_ARC = YES;
				CLANG_ENABLE_OBJC_WEAK = YES;
				CLANG_WARN_BLOCK_CAPTURE_AUTORELEASING = YES;
				CLANG_WARN_BOOL_CONVERSION = YES;
				CLANG_WARN_COMMA = YES;
				CLANG_WARN_CONSTANT_CONVERSION = YES;
				CLANG_WARN_DEPRECATED_OBJC_IMPLEMENTATIONS = YES;
				CLANG_WARN_DIRECT_OBJC_ISA_USAGE = YES_ERROR;
				CLANG_WARN_DOCUMENTATION_COMMENTS = YES;
				CLANG_WARN_EMPTY_BODY = YES;
				CLANG_WARN_ENUM_CONVERSION = YES;
				CLANG_WARN_INFINITE_RECURSION = YES;
				CLANG_WARN_INT_CONVERSION = YES;
				CLANG_WARN_NON_LITERAL_NULL_CONVERSION = YES;
				CLANG_WARN_OBJC_IMPLICIT_RETAIN_SELF = YES;
				CLANG_WARN_OBJC_LITERAL_CONVERSION = YES;
				CLANG_WARN_OBJC_ROOT_CLASS = YES_ERROR;
				CLANG_WARN_QUOTED_INCLUDE_IN_FRAMEWORK_HEADER = YES;
				CLANG_WARN_RANGE_LOOP_ANALYSIS = YES;
				CLANG_WARN_STRICT_PROTOTYPES = YES;
				CLANG_WARN_SUSPICIOUS_MOVE = YES;
				CLANG_WARN_UNGUARDED_AVAILABILITY = YES_AGGRESSIVE;
				CLANG_WARN_UNREACHABLE_CODE = YES;
				CLANG_WARN__DUPLICATE_METHOD_MATCH = YES;
				COPY_PHASE_STRIP = NO;
				DEBUG_INFORMATION_FORMAT = "dwarf-with-dsym";
				ENABLE_NS_ASSERTIONS = NO;
				ENABLE_STRICT_OBJC_MSGSEND = YES;
				GCC_C_LANGUAGE_STANDARD = gnu11;
				GCC_NO_COMMON_BLOCKS = YES;
				GCC_WARN_64_TO_32_BIT_CONVERSION = YES;
				GCC_WARN_ABOUT_RETURN_TYPE = YES_ERROR;
				GCC_WARN_UNDECLARED_SELECTOR = YES;
				GCC_WARN_UNINITIALIZED_AUTOS = YES_AGGRESSIVE;
				GCC_WARN_UNUSED_FUNCTION = YES;
				GCC_WARN_UNUSED_VARIABLE = YES;
				IPHONEOS_DEPLOYMENT_TARGET = 16.2;
				MTL_ENABLE_DEBUG_INFO = NO;
				MTL_FAST_MATH = YES;
				SDKROOT = iphoneos;
				SWIFT_COMPILATION_MODE = wholemodule;
				SWIFT_OPTIMIZATION_LEVEL = "-O";
				VALIDATE_PRODUCT = YES;
			};
			name = Release;
		};
		89186A392988CAEF00B49190 /* Debug */ = {
			isa = XCBuildConfiguration;
			buildSettings = {
				ASSETCATALOG_COMPILER_APPICON_NAME = AppIcon;
				ASSETCATALOG_COMPILER_GLOBAL_ACCENT_COLOR_NAME = AccentColor;
				CODE_SIGN_STYLE = Automatic;
				CURRENT_PROJECT_VERSION = 1;
				DEVELOPMENT_TEAM = W28WX8W2PV;
				EXCLUDED_ARCHS = arm64;
				GENERATE_INFOPLIST_FILE = YES;
				INFOPLIST_FILE = Instagram/Info.plist;
				INFOPLIST_KEY_UIApplicationSupportsIndirectInputEvents = YES;
				INFOPLIST_KEY_UILaunchStoryboardName = LaunchScreen;
				INFOPLIST_KEY_UIMainStoryboardFile = "";
				INFOPLIST_KEY_UISupportedInterfaceOrientations_iPad = "UIInterfaceOrientationPortrait UIInterfaceOrientationPortraitUpsideDown UIInterfaceOrientationLandscapeLeft UIInterfaceOrientationLandscapeRight";
				INFOPLIST_KEY_UISupportedInterfaceOrientations_iPhone = "UIInterfaceOrientationPortrait UIInterfaceOrientationLandscapeLeft UIInterfaceOrientationLandscapeRight";
				LD_RUNPATH_SEARCH_PATHS = (
					"$(inherited)",
					"@executable_path/Frameworks",
				);
				MARKETING_VERSION = 1.0;
				PRODUCT_BUNDLE_IDENTIFIER = com.habv90.instagramclone.Instagram;
				PRODUCT_NAME = "$(TARGET_NAME)";
				SWIFT_EMIT_LOC_STRINGS = YES;
				SWIFT_VERSION = 5.0;
				TARGETED_DEVICE_FAMILY = "1,2";
			};
			name = Debug;
		};
		89186A3A2988CAEF00B49190 /* Release */ = {
			isa = XCBuildConfiguration;
			buildSettings = {
				ASSETCATALOG_COMPILER_APPICON_NAME = AppIcon;
				ASSETCATALOG_COMPILER_GLOBAL_ACCENT_COLOR_NAME = AccentColor;
				CODE_SIGN_STYLE = Automatic;
				CURRENT_PROJECT_VERSION = 1;
				DEVELOPMENT_TEAM = W28WX8W2PV;
				EXCLUDED_ARCHS = arm64;
				GENERATE_INFOPLIST_FILE = YES;
				INFOPLIST_FILE = Instagram/Info.plist;
				INFOPLIST_KEY_UIApplicationSupportsIndirectInputEvents = YES;
				INFOPLIST_KEY_UILaunchStoryboardName = LaunchScreen;
				INFOPLIST_KEY_UIMainStoryboardFile = "";
				INFOPLIST_KEY_UISupportedInterfaceOrientations_iPad = "UIInterfaceOrientationPortrait UIInterfaceOrientationPortraitUpsideDown UIInterfaceOrientationLandscapeLeft UIInterfaceOrientationLandscapeRight";
				INFOPLIST_KEY_UISupportedInterfaceOrientations_iPhone = "UIInterfaceOrientationPortrait UIInterfaceOrientationLandscapeLeft UIInterfaceOrientationLandscapeRight";
				LD_RUNPATH_SEARCH_PATHS = (
					"$(inherited)",
					"@executable_path/Frameworks",
				);
				MARKETING_VERSION = 1.0;
				PRODUCT_BUNDLE_IDENTIFIER = com.habv90.instagramclone.Instagram;
				PRODUCT_NAME = "$(TARGET_NAME)";
				SWIFT_EMIT_LOC_STRINGS = YES;
				SWIFT_VERSION = 5.0;
				TARGETED_DEVICE_FAMILY = "1,2";
			};
			name = Release;
		};
		89186A3C2988CAEF00B49190 /* Debug */ = {
			isa = XCBuildConfiguration;
			buildSettings = {
				ALWAYS_EMBED_SWIFT_STANDARD_LIBRARIES = YES;
				BUNDLE_LOADER = "$(TEST_HOST)";
				CODE_SIGN_STYLE = Automatic;
				CURRENT_PROJECT_VERSION = 1;
				DEVELOPMENT_TEAM = W28WX8W2PV;
				GENERATE_INFOPLIST_FILE = YES;
				IPHONEOS_DEPLOYMENT_TARGET = 16.2;
				MARKETING_VERSION = 1.0;
				PRODUCT_BUNDLE_IDENTIFIER = com.habv90.instagramclone.InstagramTests;
				PRODUCT_NAME = "$(TARGET_NAME)";
				SWIFT_EMIT_LOC_STRINGS = NO;
				SWIFT_VERSION = 5.0;
				TARGETED_DEVICE_FAMILY = "1,2";
				TEST_HOST = "$(BUILT_PRODUCTS_DIR)/Instagram.app/$(BUNDLE_EXECUTABLE_FOLDER_PATH)/Instagram";
			};
			name = Debug;
		};
		89186A3D2988CAEF00B49190 /* Release */ = {
			isa = XCBuildConfiguration;
			buildSettings = {
				ALWAYS_EMBED_SWIFT_STANDARD_LIBRARIES = YES;
				BUNDLE_LOADER = "$(TEST_HOST)";
				CODE_SIGN_STYLE = Automatic;
				CURRENT_PROJECT_VERSION = 1;
				DEVELOPMENT_TEAM = W28WX8W2PV;
				GENERATE_INFOPLIST_FILE = YES;
				IPHONEOS_DEPLOYMENT_TARGET = 16.2;
				MARKETING_VERSION = 1.0;
				PRODUCT_BUNDLE_IDENTIFIER = com.habv90.instagramclone.InstagramTests;
				PRODUCT_NAME = "$(TARGET_NAME)";
				SWIFT_EMIT_LOC_STRINGS = NO;
				SWIFT_VERSION = 5.0;
				TARGETED_DEVICE_FAMILY = "1,2";
				TEST_HOST = "$(BUILT_PRODUCTS_DIR)/Instagram.app/$(BUNDLE_EXECUTABLE_FOLDER_PATH)/Instagram";
			};
			name = Release;
		};
		89186A3F2988CAEF00B49190 /* Debug */ = {
			isa = XCBuildConfiguration;
			buildSettings = {
				ALWAYS_EMBED_SWIFT_STANDARD_LIBRARIES = YES;
				CODE_SIGN_STYLE = Automatic;
				CURRENT_PROJECT_VERSION = 1;
				DEVELOPMENT_TEAM = W28WX8W2PV;
				GENERATE_INFOPLIST_FILE = YES;
				MARKETING_VERSION = 1.0;
				PRODUCT_BUNDLE_IDENTIFIER = com.habv90.instagramclone.InstagramUITests;
				PRODUCT_NAME = "$(TARGET_NAME)";
				SWIFT_EMIT_LOC_STRINGS = NO;
				SWIFT_VERSION = 5.0;
				TARGETED_DEVICE_FAMILY = "1,2";
				TEST_TARGET_NAME = Instagram;
			};
			name = Debug;
		};
		89186A402988CAEF00B49190 /* Release */ = {
			isa = XCBuildConfiguration;
			buildSettings = {
				ALWAYS_EMBED_SWIFT_STANDARD_LIBRARIES = YES;
				CODE_SIGN_STYLE = Automatic;
				CURRENT_PROJECT_VERSION = 1;
				DEVELOPMENT_TEAM = W28WX8W2PV;
				GENERATE_INFOPLIST_FILE = YES;
				MARKETING_VERSION = 1.0;
				PRODUCT_BUNDLE_IDENTIFIER = com.habv90.instagramclone.InstagramUITests;
				PRODUCT_NAME = "$(TARGET_NAME)";
				SWIFT_EMIT_LOC_STRINGS = NO;
				SWIFT_VERSION = 5.0;
				TARGETED_DEVICE_FAMILY = "1,2";
				TEST_TARGET_NAME = Instagram;
			};
			name = Release;
		};
/* End XCBuildConfiguration section */

/* Begin XCConfigurationList section */
		89186A062988CAED00B49190 /* Build configuration list for PBXProject "Instagram" */ = {
			isa = XCConfigurationList;
			buildConfigurations = (
				89186A362988CAEF00B49190 /* Debug */,
				89186A372988CAEF00B49190 /* Release */,
			);
			defaultConfigurationIsVisible = 0;
			defaultConfigurationName = Release;
		};
		89186A382988CAEF00B49190 /* Build configuration list for PBXNativeTarget "Instagram" */ = {
			isa = XCConfigurationList;
			buildConfigurations = (
				89186A392988CAEF00B49190 /* Debug */,
				89186A3A2988CAEF00B49190 /* Release */,
			);
			defaultConfigurationIsVisible = 0;
			defaultConfigurationName = Release;
		};
		89186A3B2988CAEF00B49190 /* Build configuration list for PBXNativeTarget "InstagramTests" */ = {
			isa = XCConfigurationList;
			buildConfigurations = (
				89186A3C2988CAEF00B49190 /* Debug */,
				89186A3D2988CAEF00B49190 /* Release */,
			);
			defaultConfigurationIsVisible = 0;
			defaultConfigurationName = Release;
		};
		89186A3E2988CAEF00B49190 /* Build configuration list for PBXNativeTarget "InstagramUITests" */ = {
			isa = XCConfigurationList;
			buildConfigurations = (
				89186A3F2988CAEF00B49190 /* Debug */,
				89186A402988CAEF00B49190 /* Release */,
			);
			defaultConfigurationIsVisible = 0;
			defaultConfigurationName = Release;
		};
/* End XCConfigurationList section */

/* Begin XCVersionGroup section */
		89186A172988CAED00B49190 /* Instagram.xcdatamodeld */ = {
			isa = XCVersionGroup;
			children = (
				89186A182988CAED00B49190 /* Instagram.xcdatamodel */,
			);
			currentVersion = 89186A182988CAED00B49190 /* Instagram.xcdatamodel */;
			path = Instagram.xcdatamodeld;
			sourceTree = "<group>";
			versionGroupType = wrapper.xcdatamodel;
		};
/* End XCVersionGroup section */
	};
	rootObject = 89186A032988CAED00B49190 /* Project object */;
}
